
Microsoft Visual Studio Solution File, Format Version 12.00
# Visual Studio Version 17
VisualStudioVersion = 17.7.34024.191
MinimumVisualStudioVersion = 10.0.40219.1
Project("{FAE04EC0-301F-11D3-BF4B-00C04F79EFBC}") = "Entities", "Entities\Entities.csproj", "{8F1684BC-7350-4F1D-9CFF-1A816EAB0FA2}"
EndProject
Project("{FAE04EC0-301F-11D3-BF4B-00C04F79EFBC}") = "DataAccess", "DataAccess\DataAccess.csproj", "{2F18510C-7E3C-4FA4-A795-85D5EB009EA6}"
EndProject
Project("{FAE04EC0-301F-11D3-BF4B-00C04F79EFBC}") = "Business", "Business\Business.csproj", "{BAB742AD-FDC7-43A6-8B19-CA8D853564DC}"
EndProject
Project("{FAE04EC0-301F-11D3-BF4B-00C04F79EFBC}") = "Console", "Console\Console.csproj", "{53A8ACCC-1854-40D3-802C-A7DC2BFA17B6}"
EndProject
Project("{FAE04EC0-301F-11D3-BF4B-00C04F79EFBC}") = "Core", "Core\Core.csproj", "{56D498A0-4F08-4DE2-AFBB-D7235F72B9D4}"
EndProject
Global
	GlobalSection(SolutionConfigurationPlatforms) = preSolution
		Debug|Any CPU = Debug|Any CPU
		Release|Any CPU = Release|Any CPU
	EndGlobalSection
	GlobalSection(ProjectConfigurationPlatforms) = postSolution
		{8F1684BC-7350-4F1D-9CFF-1A816EAB0FA2}.Debug|Any CPU.ActiveCfg = Debug|Any CPU
		{8F1684BC-7350-4F1D-9CFF-1A816EAB0FA2}.Debug|Any CPU.Build.0 = Debug|Any CPU
		{8F1684BC-7350-4F1D-9CFF-1A816EAB0FA2}.Release|Any CPU.ActiveCfg = Release|Any CPU
		{8F1684BC-7350-4F1D-9CFF-1A816EAB0FA2}.Release|Any CPU.Build.0 = Release|Any CPU
		{2F18510C-7E3C-4FA4-A795-85D5EB009EA6}.Debug|Any CPU.ActiveCfg = Debug|Any CPU
		{2F18510C-7E3C-4FA4-A795-85D5EB009EA6}.Debug|Any CPU.Build.0 = Debug|Any CPU
		{2F18510C-7E3C-4FA4-A795-85D5EB009EA6}.Release|Any CPU.ActiveCfg = Release|Any CPU
		{2F18510C-7E3C-4FA4-A795-85D5EB009EA6}.Release|Any CPU.Build.0 = Release|Any CPU
		{BAB742AD-FDC7-43A6-8B19-CA8D853564DC}.Debug|Any CPU.ActiveCfg = Debug|Any CPU
		{BAB742AD-FDC7-43A6-8B19-CA8D853564DC}.Debug|Any CPU.Build.0 = Debug|Any CPU
		{BAB742AD-FDC7-43A6-8B19-CA8D853564DC}.Release|Any CPU.ActiveCfg = Release|Any CPU
		{BAB742AD-FDC7-43A6-8B19-CA8D853564DC}.Release|Any CPU.Build.0 = Release|Any CPU
		{53A8ACCC-1854-40D3-802C-A7DC2BFA17B6}.Debug|Any CPU.ActiveCfg = Debug|Any CPU
		{53A8ACCC-1854-40D3-802C-A7DC2BFA17B6}.Debug|Any CPU.Build.0 = Debug|Any CPU
		{53A8ACCC-1854-40D3-802C-A7DC2BFA17B6}.Release|Any CPU.ActiveCfg = Release|Any CPU
		{53A8ACCC-1854-40D3-802C-A7DC2BFA17B6}.Release|Any CPU.Build.0 = Release|Any CPU
		{56D498A0-4F08-4DE2-AFBB-D7235F72B9D4}.Debug|Any CPU.ActiveCfg = Debug|Any CPU
		{56D498A0-4F08-4DE2-AFBB-D7235F72B9D4}.Debug|Any CPU.Build.0 = Debug|Any CPU
		{56D498A0-4F08-4DE2-AFBB-D7235F72B9D4}.Release|Any CPU.ActiveCfg = Release|Any CPU
		{56D498A0-4F08-4DE2-AFBB-D7235F72B9D4}.Release|Any CPU.Build.0 = Release|Any CPU
	EndGlobalSection
	GlobalSection(SolutionProperties) = preSolution
		HideSolutionNode = FALSE
	EndGlobalSection
	GlobalSection(ExtensibilityGlobals) = postSolution
		SolutionGuid = {82DD523A-E30E-43DA-A048-CE0F1C9EC553}
	EndGlobalSection
EndGlobal
